
Microsoft Visual Studio Solution File, Format Version 12.00
# Visual Studio Version 17
VisualStudioVersion = 17.0.31903.59
MinimumVisualStudioVersion = 10.0.40219.1
Project("{FAE04EC0-301F-11D3-BF4B-00C04F79EFBC}") = "Näsan steg 3 övning 4.1", "Näsan steg 3 övning 4.1\Näsan steg 3 övning 4.1.csproj", "{A3F2F196-023E-4377-A2C4-0AE8112C5E6D}"
EndProject
Global
	GlobalSection(SolutionConfigurationPlatforms) = preSolution
		Debug|Any CPU = Debug|Any CPU
		Release|Any CPU = Release|Any CPU
	EndGlobalSection
	GlobalSection(SolutionProperties) = preSolution
		HideSolutionNode = FALSE
	EndGlobalSection
	GlobalSection(ProjectConfigurationPlatforms) = postSolution
		{A3F2F196-023E-4377-A2C4-0AE8112C5E6D}.Debug|Any CPU.ActiveCfg = Debug|Any CPU
		{A3F2F196-023E-4377-A2C4-0AE8112C5E6D}.Debug|Any CPU.Build.0 = Debug|Any CPU
		{A3F2F196-023E-4377-A2C4-0AE8112C5E6D}.Release|Any CPU.ActiveCfg = Release|Any CPU
		{A3F2F196-023E-4377-A2C4-0AE8112C5E6D}.Release|Any CPU.Build.0 = Release|Any CPU
	EndGlobalSection
EndGlobal
